// !$*UTF8*$!
{
	archiveVersion = 1;
	classes = {
	};
	objectVersion = 56;
	objects = {

/* Begin PBXBuildFile section */
		A36F4AC42A9A5E8800FAF9FF /* MoiraiOne-Regular.ttf in Resources */ = {isa = PBXBuildFile; fileRef = A36F4AC32A9A5E8800FAF9FF /* MoiraiOne-Regular.ttf */; };
		A36F4AC52A9A5E8800FAF9FF /* MoiraiOne-Regular.ttf in Resources */ = {isa = PBXBuildFile; fileRef = A36F4AC32A9A5E8800FAF9FF /* MoiraiOne-Regular.ttf */; };
		A36F4AC72A9A5EDE00FAF9FF /* Silkscreen-Regular.ttf in Resources */ = {isa = PBXBuildFile; fileRef = A36F4AC62A9A5EDE00FAF9FF /* Silkscreen-Regular.ttf */; };
		A36F4AC82A9A5EDE00FAF9FF /* Silkscreen-Regular.ttf in Resources */ = {isa = PBXBuildFile; fileRef = A36F4AC62A9A5EDE00FAF9FF /* Silkscreen-Regular.ttf */; };
		A36F4ACA2A9A5FC000FAF9FF /* ZenTokyoZoo-Regular.ttf in Resources */ = {isa = PBXBuildFile; fileRef = A36F4AC92A9A5FC000FAF9FF /* ZenTokyoZoo-Regular.ttf */; };
		A36F4ACB2A9A5FC000FAF9FF /* ZenTokyoZoo-Regular.ttf in Resources */ = {isa = PBXBuildFile; fileRef = A36F4AC92A9A5FC000FAF9FF /* ZenTokyoZoo-Regular.ttf */; };
		A36F4AD02A9A7C3A00FAF9FF /* Oi-Regular.ttf in Resources */ = {isa = PBXBuildFile; fileRef = A36F4ACF2A9A7C3A00FAF9FF /* Oi-Regular.ttf */; };
		A36F4AD12A9A7C3A00FAF9FF /* Oi-Regular.ttf in Resources */ = {isa = PBXBuildFile; fileRef = A36F4ACF2A9A7C3A00FAF9FF /* Oi-Regular.ttf */; };
		A36F4AD62A9A7CB600FAF9FF /* BungeeOutline-Regular.ttf in Resources */ = {isa = PBXBuildFile; fileRef = A36F4AD52A9A7CB600FAF9FF /* BungeeOutline-Regular.ttf */; };
		A36F4AD72A9A7CB600FAF9FF /* BungeeOutline-Regular.ttf in Resources */ = {isa = PBXBuildFile; fileRef = A36F4AD52A9A7CB600FAF9FF /* BungeeOutline-Regular.ttf */; };
		A36F4AD92A9A7EE600FAF9FF /* PoiretOne-Regular.ttf in Resources */ = {isa = PBXBuildFile; fileRef = A36F4AD82A9A7EE600FAF9FF /* PoiretOne-Regular.ttf */; };
		A36F4ADA2A9A7EE600FAF9FF /* PoiretOne-Regular.ttf in Resources */ = {isa = PBXBuildFile; fileRef = A36F4AD82A9A7EE600FAF9FF /* PoiretOne-Regular.ttf */; };
		A372B6A12A9A340C0014BC12 /* clocktheme Watch App.app in Embed Watch Content */ = {isa = PBXBuildFile; fileRef = A372B6A02A9A340C0014BC12 /* clocktheme Watch App.app */; settings = {ATTRIBUTES = (RemoveHeadersOnCopy, ); }; };
		A372B6A62A9A340C0014BC12 /* clockthemeApp.swift in Sources */ = {isa = PBXBuildFile; fileRef = A372B6A52A9A340C0014BC12 /* clockthemeApp.swift */; };
		A372B6A82A9A340C0014BC12 /* ContentView.swift in Sources */ = {isa = PBXBuildFile; fileRef = A372B6A72A9A340C0014BC12 /* ContentView.swift */; };
		A372B6AA2A9A340F0014BC12 /* Assets.xcassets in Resources */ = {isa = PBXBuildFile; fileRef = A372B6A92A9A340F0014BC12 /* Assets.xcassets */; };
		A372B6AD2A9A340F0014BC12 /* Preview Assets.xcassets in Resources */ = {isa = PBXBuildFile; fileRef = A372B6AC2A9A340F0014BC12 /* Preview Assets.xcassets */; };
		A372B6BF2A9A57A00014BC12 /* StyleOne.swift in Sources */ = {isa = PBXBuildFile; fileRef = A372B6BE2A9A57A00014BC12 /* StyleOne.swift */; };
		A372B6C12A9A58250014BC12 /* StyleTwo.swift in Sources */ = {isa = PBXBuildFile; fileRef = A372B6C02A9A58250014BC12 /* StyleTwo.swift */; };
		A372B6C32A9A583D0014BC12 /* StyleThree.swift in Sources */ = {isa = PBXBuildFile; fileRef = A372B6C22A9A583D0014BC12 /* StyleThree.swift */; };
/* End PBXBuildFile section */

/* Begin PBXContainerItemProxy section */
		A372B6A22A9A340C0014BC12 /* PBXContainerItemProxy */ = {
			isa = PBXContainerItemProxy;
			containerPortal = A372B6942A9A340B0014BC12 /* Project object */;
			proxyType = 1;
			remoteGlobalIDString = A372B69F2A9A340C0014BC12;
			remoteInfo = "clocktheme Watch App";
		};
/* End PBXContainerItemProxy section */

/* Begin PBXCopyFilesBuildPhase section */
		A372B6B32A9A340F0014BC12 /* Embed Watch Content */ = {
			isa = PBXCopyFilesBuildPhase;
			buildActionMask = 2147483647;
			dstPath = "$(CONTENTS_FOLDER_PATH)/Watch";
			dstSubfolderSpec = 16;
			files = (
				A372B6A12A9A340C0014BC12 /* clocktheme Watch App.app in Embed Watch Content */,
			);
			name = "Embed Watch Content";
			runOnlyForDeploymentPostprocessing = 0;
		};
/* End PBXCopyFilesBuildPhase section */

/* Begin PBXFileReference section */
		A36F4AC32A9A5E8800FAF9FF /* MoiraiOne-Regular.ttf */ = {isa = PBXFileReference; lastKnownFileType = file; path = "MoiraiOne-Regular.ttf"; sourceTree = "<group>"; };
		A36F4AC62A9A5EDE00FAF9FF /* Silkscreen-Regular.ttf */ = {isa = PBXFileReference; lastKnownFileType = file; path = "Silkscreen-Regular.ttf"; sourceTree = "<group>"; };
		A36F4AC92A9A5FC000FAF9FF /* ZenTokyoZoo-Regular.ttf */ = {isa = PBXFileReference; lastKnownFileType = file; path = "ZenTokyoZoo-Regular.ttf"; sourceTree = "<group>"; };
		A36F4ACF2A9A7C3A00FAF9FF /* Oi-Regular.ttf */ = {isa = PBXFileReference; lastKnownFileType = file; path = "Oi-Regular.ttf"; sourceTree = "<group>"; };
		A36F4AD52A9A7CB600FAF9FF /* BungeeOutline-Regular.ttf */ = {isa = PBXFileReference; lastKnownFileType = file; path = "BungeeOutline-Regular.ttf"; sourceTree = "<group>"; };
		A36F4AD82A9A7EE600FAF9FF /* PoiretOne-Regular.ttf */ = {isa = PBXFileReference; lastKnownFileType = file; path = "PoiretOne-Regular.ttf"; sourceTree = "<group>"; };
		A372B69A2A9A340C0014BC12 /* clocktheme.app */ = {isa = PBXFileReference; explicitFileType = wrapper.application; includeInIndex = 0; path = clocktheme.app; sourceTree = BUILT_PRODUCTS_DIR; };
		A372B6A02A9A340C0014BC12 /* clocktheme Watch App.app */ = {isa = PBXFileReference; explicitFileType = wrapper.application; includeInIndex = 0; path = "clocktheme Watch App.app"; sourceTree = BUILT_PRODUCTS_DIR; };
		A372B6A52A9A340C0014BC12 /* clockthemeApp.swift */ = {isa = PBXFileReference; lastKnownFileType = sourcecode.swift; path = clockthemeApp.swift; sourceTree = "<group>"; };
		A372B6A72A9A340C0014BC12 /* ContentView.swift */ = {isa = PBXFileReference; lastKnownFileType = sourcecode.swift; path = ContentView.swift; sourceTree = "<group>"; };
		A372B6A92A9A340F0014BC12 /* Assets.xcassets */ = {isa = PBXFileReference; lastKnownFileType = folder.assetcatalog; path = Assets.xcassets; sourceTree = "<group>"; };
		A372B6AC2A9A340F0014BC12 /* Preview Assets.xcassets */ = {isa = PBXFileReference; lastKnownFileType = folder.assetcatalog; path = "Preview Assets.xcassets"; sourceTree = "<group>"; };
		A372B6BB2A9A56AC0014BC12 /* clocktheme-Watch-App-Info.plist */ = {isa = PBXFileReference; lastKnownFileType = text.plist; path = "clocktheme-Watch-App-Info.plist"; sourceTree = SOURCE_ROOT; };
		A372B6BE2A9A57A00014BC12 /* StyleOne.swift */ = {isa = PBXFileReference; lastKnownFileType = sourcecode.swift; path = StyleOne.swift; sourceTree = "<group>"; };
		A372B6C02A9A58250014BC12 /* StyleTwo.swift */ = {isa = PBXFileReference; lastKnownFileType = sourcecode.swift; path = StyleTwo.swift; sourceTree = "<group>"; };
		A372B6C22A9A583D0014BC12 /* StyleThree.swift */ = {isa = PBXFileReference; lastKnownFileType = sourcecode.swift; path = StyleThree.swift; sourceTree = "<group>"; };
/* End PBXFileReference section */

/* Begin PBXFrameworksBuildPhase section */
		A372B69D2A9A340C0014BC12 /* Frameworks */ = {
			isa = PBXFrameworksBuildPhase;
			buildActionMask = 2147483647;
			files = (
			);
			runOnlyForDeploymentPostprocessing = 0;
		};
/* End PBXFrameworksBuildPhase section */

/* Begin PBXGroup section */
		A372B6932A9A340B0014BC12 = {
			isa = PBXGroup;
			children = (
				A372B6A42A9A340C0014BC12 /* clocktheme Watch App */,
				A372B69B2A9A340C0014BC12 /* Products */,
			);
			sourceTree = "<group>";
		};
		A372B69B2A9A340C0014BC12 /* Products */ = {
			isa = PBXGroup;
			children = (
				A372B69A2A9A340C0014BC12 /* clocktheme.app */,
				A372B6A02A9A340C0014BC12 /* clocktheme Watch App.app */,
			);
			name = Products;
			sourceTree = "<group>";
		};
		A372B6A42A9A340C0014BC12 /* clocktheme Watch App */ = {
			isa = PBXGroup;
			children = (
				A372B6BB2A9A56AC0014BC12 /* clocktheme-Watch-App-Info.plist */,
				A372B6A52A9A340C0014BC12 /* clockthemeApp.swift */,
				A372B6A72A9A340C0014BC12 /* ContentView.swift */,
				A372B6A92A9A340F0014BC12 /* Assets.xcassets */,
				A372B6AB2A9A340F0014BC12 /* Preview Content */,
				A372B6BE2A9A57A00014BC12 /* StyleOne.swift */,
				A372B6C02A9A58250014BC12 /* StyleTwo.swift */,
				A372B6C22A9A583D0014BC12 /* StyleThree.swift */,
			);
			path = "clocktheme Watch App";
			sourceTree = "<group>";
		};
		A372B6AB2A9A340F0014BC12 /* Preview Content */ = {
			isa = PBXGroup;
			children = (
				A36F4AC92A9A5FC000FAF9FF /* ZenTokyoZoo-Regular.ttf */,
				A36F4AC32A9A5E8800FAF9FF /* MoiraiOne-Regular.ttf */,
				A36F4ACF2A9A7C3A00FAF9FF /* Oi-Regular.ttf */,
				A36F4AD52A9A7CB600FAF9FF /* BungeeOutline-Regular.ttf */,
				A36F4AC62A9A5EDE00FAF9FF /* Silkscreen-Regular.ttf */,
				A36F4AD82A9A7EE600FAF9FF /* PoiretOne-Regular.ttf */,
				A372B6AC2A9A340F0014BC12 /* Preview Assets.xcassets */,
			);
			path = "Preview Content";
			sourceTree = "<group>";
		};
/* End PBXGroup section */

/* Begin PBXNativeTarget section */
		A372B6992A9A340C0014BC12 /* clocktheme */ = {
			isa = PBXNativeTarget;
			buildConfigurationList = A372B6B42A9A340F0014BC12 /* Build configuration list for PBXNativeTarget "clocktheme" */;
			buildPhases = (
				A372B6982A9A340C0014BC12 /* Resources */,
				A372B6B32A9A340F0014BC12 /* Embed Watch Content */,
			);
			buildRules = (
			);
			dependencies = (
				A372B6A32A9A340C0014BC12 /* PBXTargetDependency */,
			);
			name = clocktheme;
			productName = clocktheme;
			productReference = A372B69A2A9A340C0014BC12 /* clocktheme.app */;
			productType = "com.apple.product-type.application.watchapp2-container";
		};
		A372B69F2A9A340C0014BC12 /* clocktheme Watch App */ = {
			isa = PBXNativeTarget;
			buildConfigurationList = A372B6B02A9A340F0014BC12 /* Build configuration list for PBXNativeTarget "clocktheme Watch App" */;
			buildPhases = (
				A372B69C2A9A340C0014BC12 /* Sources */,
				A372B69D2A9A340C0014BC12 /* Frameworks */,
				A372B69E2A9A340C0014BC12 /* Resources */,
			);
			buildRules = (
			);
			dependencies = (
			);
			name = "clocktheme Watch App";
			productName = "clocktheme Watch App";
			productReference = A372B6A02A9A340C0014BC12 /* clocktheme Watch App.app */;
			productType = "com.apple.product-type.application";
		};
/* End PBXNativeTarget section */

/* Begin PBXProject section */
		A372B6942A9A340B0014BC12 /* Project object */ = {
			isa = PBXProject;
			attributes = {
				BuildIndependentTargetsInParallel = 1;
				LastSwiftUpdateCheck = 1420;
				LastUpgradeCheck = 1420;
				TargetAttributes = {
					A372B6992A9A340C0014BC12 = {
						CreatedOnToolsVersion = 14.2;
					};
					A372B69F2A9A340C0014BC12 = {
						CreatedOnToolsVersion = 14.2;
					};
				};
			};
			buildConfigurationList = A372B6972A9A340B0014BC12 /* Build configuration list for PBXProject "clocktheme" */;
			compatibilityVersion = "Xcode 14.0";
			developmentRegion = en;
			hasScannedForEncodings = 0;
			knownRegions = (
				en,
				Base,
			);
			mainGroup = A372B6932A9A340B0014BC12;
			productRefGroup = A372B69B2A9A340C0014BC12 /* Products */;
			projectDirPath = "";
			projectRoot = "";
			targets = (
				A372B6992A9A340C0014BC12 /* clocktheme */,
				A372B69F2A9A340C0014BC12 /* clocktheme Watch App */,
			);
		};
/* End PBXProject section */

/* Begin PBXResourcesBuildPhase section */
		A372B6982A9A340C0014BC12 /* Resources */ = {
			isa = PBXResourcesBuildPhase;
			buildActionMask = 2147483647;
			files = (
				A36F4AC72A9A5EDE00FAF9FF /* Silkscreen-Regular.ttf in Resources */,
				A36F4AD62A9A7CB600FAF9FF /* BungeeOutline-Regular.ttf in Resources */,
				A36F4AD02A9A7C3A00FAF9FF /* Oi-Regular.ttf in Resources */,
				A36F4ACA2A9A5FC000FAF9FF /* ZenTokyoZoo-Regular.ttf in Resources */,
				A36F4AC42A9A5E8800FAF9FF /* MoiraiOne-Regular.ttf in Resources */,
				A36F4AD92A9A7EE600FAF9FF /* PoiretOne-Regular.ttf in Resources */,
			);
			runOnlyForDeploymentPostprocessing = 0;
		};
		A372B69E2A9A340C0014BC12 /* Resources */ = {
			isa = PBXResourcesBuildPhase;
			buildActionMask = 2147483647;
			files = (
				A36F4ACB2A9A5FC000FAF9FF /* ZenTokyoZoo-Regular.ttf in Resources */,
				A36F4AD12A9A7C3A00FAF9FF /* Oi-Regular.ttf in Resources */,
				A36F4AD72A9A7CB600FAF9FF /* BungeeOutline-Regular.ttf in Resources */,
				A36F4AC82A9A5EDE00FAF9FF /* Silkscreen-Regular.ttf in Resources */,
				A36F4AC52A9A5E8800FAF9FF /* MoiraiOne-Regular.ttf in Resources */,
				A36F4ADA2A9A7EE600FAF9FF /* PoiretOne-Regular.ttf in Resources */,
				A372B6AD2A9A340F0014BC12 /* Preview Assets.xcassets in Resources */,
				A372B6AA2A9A340F0014BC12 /* Assets.xcassets in Resources */,
			);
			runOnlyForDeploymentPostprocessing = 0;
		};
/* End PBXResourcesBuildPhase section */

/* Begin PBXSourcesBuildPhase section */
		A372B69C2A9A340C0014BC12 /* Sources */ = {
			isa = PBXSourcesBuildPhase;
			buildActionMask = 2147483647;
			files = (
				A372B6C12A9A58250014BC12 /* StyleTwo.swift in Sources */,
				A372B6A82A9A340C0014BC12 /* ContentView.swift in Sources */,
				A372B6A62A9A340C0014BC12 /* clockthemeApp.swift in Sources */,
				A372B6C32A9A583D0014BC12 /* StyleThree.swift in Sources */,
				A372B6BF2A9A57A00014BC12 /* StyleOne.swift in Sources */,
			);
			runOnlyForDeploymentPostprocessing = 0;
		};
/* End PBXSourcesBuildPhase section */

/* Begin PBXTargetDependency section */
		A372B6A32A9A340C0014BC12 /* PBXTargetDependency */ = {
			isa = PBXTargetDependency;
			target = A372B69F2A9A340C0014BC12 /* clocktheme Watch App */;
			targetProxy = A372B6A22A9A340C0014BC12 /* PBXContainerItemProxy */;
		};
/* End PBXTargetDependency section */

/* Begin XCBuildConfiguration section */
		A372B6AE2A9A340F0014BC12 /* Debug */ = {
			isa = XCBuildConfiguration;
			buildSettings = {
				ALWAYS_SEARCH_USER_PATHS = NO;
				CLANG_ANALYZER_NONNULL = YES;
				CLANG_ANALYZER_NUMBER_OBJECT_CONVERSION = YES_AGGRESSIVE;
				CLANG_CXX_LANGUAGE_STANDARD = "gnu++20";
				CLANG_ENABLE_MODULES = YES;
				CLANG_ENABLE_OBJC_ARC = YES;
				CLANG_ENABLE_OBJC_WEAK = YES;
				CLANG_WARN_BLOCK_CAPTURE_AUTORELEASING = YES;
				CLANG_WARN_BOOL_CONVERSION = YES;
				CLANG_WARN_COMMA = YES;
				CLANG_WARN_CONSTANT_CONVERSION = YES;
				CLANG_WARN_DEPRECATED_OBJC_IMPLEMENTATIONS = YES;
				CLANG_WARN_DIRECT_OBJC_ISA_USAGE = YES_ERROR;
				CLANG_WARN_DOCUMENTATION_COMMENTS = YES;
				CLANG_WARN_EMPTY_BODY = YES;
				CLANG_WARN_ENUM_CONVERSION = YES;
				CLANG_WARN_INFINITE_RECURSION = YES;
				CLANG_WARN_INT_CONVERSION = YES;
				CLANG_WARN_NON_LITERAL_NULL_CONVERSION = YES;
				CLANG_WARN_OBJC_IMPLICIT_RETAIN_SELF = YES;
				CLANG_WARN_OBJC_LITERAL_CONVERSION = YES;
				CLANG_WARN_OBJC_ROOT_CLASS = YES_ERROR;
				CLANG_WARN_QUOTED_INCLUDE_IN_FRAMEWORK_HEADER = YES;
				CLANG_WARN_RANGE_LOOP_ANALYSIS = YES;
				CLANG_WARN_STRICT_PROTOTYPES = YES;
				CLANG_WARN_SUSPICIOUS_MOVE = YES;
				CLANG_WARN_UNGUARDED_AVAILABILITY = YES_AGGRESSIVE;
				CLANG_WARN_UNREACHABLE_CODE = YES;
				CLANG_WARN__DUPLICATE_METHOD_MATCH = YES;
				COPY_PHASE_STRIP = NO;
				DEBUG_INFORMATION_FORMAT = dwarf;
				ENABLE_STRICT_OBJC_MSGSEND = YES;
				ENABLE_TESTABILITY = YES;
				GCC_C_LANGUAGE_STANDARD = gnu11;
				GCC_DYNAMIC_NO_PIC = NO;
				GCC_NO_COMMON_BLOCKS = YES;
				GCC_OPTIMIZATION_LEVEL = 0;
				GCC_PREPROCESSOR_DEFINITIONS = (
					"DEBUG=1",
					"$(inherited)",
				);
				GCC_WARN_64_TO_32_BIT_CONVERSION = YES;
				GCC_WARN_ABOUT_RETURN_TYPE = YES_ERROR;
				GCC_WARN_UNDECLARED_SELECTOR = YES;
				GCC_WARN_UNINITIALIZED_AUTOS = YES_AGGRESSIVE;
				GCC_WARN_UNUSED_FUNCTION = YES;
				GCC_WARN_UNUSED_VARIABLE = YES;
				MTL_ENABLE_DEBUG_INFO = INCLUDE_SOURCE;
				MTL_FAST_MATH = YES;
				ONLY_ACTIVE_ARCH = YES;
				SWIFT_ACTIVE_COMPILATION_CONDITIONS = DEBUG;
				SWIFT_OPTIMIZATION_LEVEL = "-Onone";
			};
			name = Debug;
		};
		A372B6AF2A9A340F0014BC12 /* Release */ = {
			isa = XCBuildConfiguration;
			buildSettings = {
				ALWAYS_SEARCH_USER_PATHS = NO;
				CLANG_ANALYZER_NONNULL = YES;
				CLANG_ANALYZER_NUMBER_OBJECT_CONVERSION = YES_AGGRESSIVE;
				CLANG_CXX_LANGUAGE_STANDARD = "gnu++20";
				CLANG_ENABLE_MODULES = YES;
				CLANG_ENABLE_OBJC_ARC = YES;
				CLANG_ENABLE_OBJC_WEAK = YES;
				CLANG_WARN_BLOCK_CAPTURE_AUTORELEASING = YES;
				CLANG_WARN_BOOL_CONVERSION = YES;
				CLANG_WARN_COMMA = YES;
				CLANG_WARN_CONSTANT_CONVERSION = YES;
				CLANG_WARN_DEPRECATED_OBJC_IMPLEMENTATIONS = YES;
				CLANG_WARN_DIRECT_OBJC_ISA_USAGE = YES_ERROR;
				CLANG_WARN_DOCUMENTATION_COMMENTS = YES;
				CLANG_WARN_EMPTY_BODY = YES;
				CLANG_WARN_ENUM_CONVERSION = YES;
				CLANG_WARN_INFINITE_RECURSION = YES;
				CLANG_WARN_INT_CONVERSION = YES;
				CLANG_WARN_NON_LITERAL_NULL_CONVERSION = YES;
				CLANG_WARN_OBJC_IMPLICIT_RETAIN_SELF = YES;
				CLANG_WARN_OBJC_LITERAL_CONVERSION = YES;
				CLANG_WARN_OBJC_ROOT_CLASS = YES_ERROR;
				CLANG_WARN_QUOTED_INCLUDE_IN_FRAMEWORK_HEADER = YES;
				CLANG_WARN_RANGE_LOOP_ANALYSIS = YES;
				CLANG_WARN_STRICT_PROTOTYPES = YES;
				CLANG_WARN_SUSPICIOUS_MOVE = YES;
				CLANG_WARN_UNGUARDED_AVAILABILITY = YES_AGGRESSIVE;
				CLANG_WARN_UNREACHABLE_CODE = YES;
				CLANG_WARN__DUPLICATE_METHOD_MATCH = YES;
				COPY_PHASE_STRIP = NO;
				DEBUG_INFORMATION_FORMAT = "dwarf-with-dsym";
				ENABLE_NS_ASSERTIONS = NO;
				ENABLE_STRICT_OBJC_MSGSEND = YES;
				GCC_C_LANGUAGE_STANDARD = gnu11;
				GCC_NO_COMMON_BLOCKS = YES;
				GCC_WARN_64_TO_32_BIT_CONVERSION = YES;
				GCC_WARN_ABOUT_RETURN_TYPE = YES_ERROR;
				GCC_WARN_UNDECLARED_SELECTOR = YES;
				GCC_WARN_UNINITIALIZED_AUTOS = YES_AGGRESSIVE;
				GCC_WARN_UNUSED_FUNCTION = YES;
				GCC_WARN_UNUSED_VARIABLE = YES;
				MTL_ENABLE_DEBUG_INFO = NO;
				MTL_FAST_MATH = YES;
				SWIFT_COMPILATION_MODE = wholemodule;
				SWIFT_OPTIMIZATION_LEVEL = "-O";
			};
			name = Release;
		};
		A372B6B12A9A340F0014BC12 /* Debug */ = {
			isa = XCBuildConfiguration;
			buildSettings = {
				ASSETCATALOG_COMPILER_APPICON_NAME = AppIcon;
				ASSETCATALOG_COMPILER_GLOBAL_ACCENT_COLOR_NAME = AccentColor;
				CODE_SIGN_STYLE = Automatic;
				CURRENT_PROJECT_VERSION = 1;
				DEVELOPMENT_ASSET_PATHS = "\"clocktheme Watch App/Preview Content\"";
				DEVELOPMENT_TEAM = 8Q3PX4UV37;
				ENABLE_PREVIEWS = YES;
				GENERATE_INFOPLIST_FILE = YES;
				INFOPLIST_FILE = "clocktheme-Watch-App-Info.plist";
				INFOPLIST_KEY_CFBundleDisplayName = clocktheme;
				INFOPLIST_KEY_LSApplicationCategoryType = "";
				INFOPLIST_KEY_UISupportedInterfaceOrientations = "UIInterfaceOrientationPortrait UIInterfaceOrientationPortraitUpsideDown";
				INFOPLIST_KEY_WKWatchOnly = YES;
				LD_RUNPATH_SEARCH_PATHS = (
					"$(inherited)",
					"@executable_path/Frameworks",
				);
				MARKETING_VERSION = 1.0;
				PRODUCT_BUNDLE_IDENTIFIER = unaivan.clocktheme.watchkitapp;
				PRODUCT_NAME = "$(TARGET_NAME)";
				SDKROOT = watchos;
				SKIP_INSTALL = YES;
				SWIFT_EMIT_LOC_STRINGS = YES;
				SWIFT_VERSION = 5.0;
				TARGETED_DEVICE_FAMILY = 4;
				WATCHOS_DEPLOYMENT_TARGET = 9.1;
			};
			name = Debug;
		};
		A372B6B22A9A340F0014BC12 /* Release */ = {
			isa = XCBuildConfiguration;
			buildSettings = {
				ASSETCATALOG_COMPILER_APPICON_NAME = AppIcon;
				ASSETCATALOG_COMPILER_GLOBAL_ACCENT_COLOR_NAME = AccentColor;
				CODE_SIGN_STYLE = Automatic;
				CURRENT_PROJECT_VERSION = 1;
				DEVELOPMENT_ASSET_PATHS = "\"clocktheme Watch App/Preview Content\"";
				DEVELOPMENT_TEAM = 8Q3PX4UV37;
				ENABLE_PREVIEWS = YES;
				GENERATE_INFOPLIST_FILE = YES;
				INFOPLIST_FILE = "clocktheme-Watch-App-Info.plist";
				INFOPLIST_KEY_CFBundleDisplayName = clocktheme;
				INFOPLIST_KEY_LSApplicationCategoryType = "";
				INFOPLIST_KEY_UISupportedInterfaceOrientations = "UIInterfaceOrientationPortrait UIInterfaceOrientationPortraitUpsideDown";
				INFOPLIST_KEY_WKWatchOnly = YES;
				LD_RUNPATH_SEARCH_PATHS = (
					"$(inherited)",
					"@executable_path/Frameworks",
				);
				MARKETING_VERSION = 1.0;
				PRODUCT_BUNDLE_IDENTIFIER = unaivan.clocktheme.watchkitapp;
				PRODUCT_NAME = "$(TARGET_NAME)";
				SDKROOT = watchos;
				SKIP_INSTALL = YES;
				SWIFT_EMIT_LOC_STRINGS = YES;
				SWIFT_VERSION = 5.0;
				TARGETED_DEVICE_FAMILY = 4;
				VALIDATE_PRODUCT = YES;
				WATCHOS_DEPLOYMENT_TARGET = 9.1;
			};
			name = Release;
		};
		A372B6B52A9A340F0014BC12 /* Debug */ = {
			isa = XCBuildConfiguration;
			buildSettings = {
				ALWAYS_EMBED_SWIFT_STANDARD_LIBRARIES = YES;
				CODE_SIGN_STYLE = Automatic;
				CURRENT_PROJECT_VERSION = 1;
				DEVELOPMENT_TEAM = 8Q3PX4UV37;
				INFOPLIST_KEY_CFBundleDisplayName = clocktheme;
				MARKETING_VERSION = 1.0;
				PRODUCT_BUNDLE_IDENTIFIER = unaivan.clocktheme;
				PRODUCT_NAME = "$(TARGET_NAME)";
				SDKROOT = iphoneos;
				SWIFT_VERSION = 5.0;
			};
			name = Debug;
		};
		A372B6B62A9A340F0014BC12 /* Release */ = {
			isa = XCBuildConfiguration;
			buildSettings = {
				ALWAYS_EMBED_SWIFT_STANDARD_LIBRARIES = YES;
				CODE_SIGN_STYLE = Automatic;
				CURRENT_PROJECT_VERSION = 1;
				DEVELOPMENT_TEAM = 8Q3PX4UV37;
				INFOPLIST_KEY_CFBundleDisplayName = clocktheme;
				MARKETING_VERSION = 1.0;
				PRODUCT_BUNDLE_IDENTIFIER = unaivan.clocktheme;
				PRODUCT_NAME = "$(TARGET_NAME)";
				SDKROOT = iphoneos;
				SWIFT_VERSION = 5.0;
				VALIDATE_PRODUCT = YES;
			};
			name = Release;
		};
/* End XCBuildConfiguration section */

/* Begin XCConfigurationList section */
		A372B6972A9A340B0014BC12 /* Build configuration list for PBXProject "clocktheme" */ = {
			isa = XCConfigurationList;
			buildConfigurations = (
				A372B6AE2A9A340F0014BC12 /* Debug */,
				A372B6AF2A9A340F0014BC12 /* Release */,
			);
			defaultConfigurationIsVisible = 0;
			defaultConfigurationName = Release;
		};
		A372B6B02A9A340F0014BC12 /* Build configuration list for PBXNativeTarget "clocktheme Watch App" */ = {
			isa = XCConfigurationList;
			buildConfigurations = (
				A372B6B12A9A340F0014BC12 /* Debug */,
				A372B6B22A9A340F0014BC12 /* Release */,
			);
			defaultConfigurationIsVisible = 0;
			defaultConfigurationName = Release;
		};
		A372B6B42A9A340F0014BC12 /* Build configuration list for PBXNativeTarget "clocktheme" */ = {
			isa = XCConfigurationList;
			buildConfigurations = (
				A372B6B52A9A340F0014BC12 /* Debug */,
				A372B6B62A9A340F0014BC12 /* Release */,
			);
			defaultConfigurationIsVisible = 0;
			defaultConfigurationName = Release;
		};
/* End XCConfigurationList section */
	};
	rootObject = A372B6942A9A340B0014BC12 /* Project object */;
}
